
Microsoft Visual Studio Solution File, Format Version 12.00
# Visual Studio Version 16
VisualStudioVersion = 16.0.31424.327
MinimumVisualStudioVersion = 10.0.40219.1
Project("{9A19103F-16F7-4668-BE54-9A1E7A4F7556}") = "Presentation", "Test8\Presentation.csproj", "{CEB7C03D-7A55-4800-BB17-EEA765425738}"
EndProject
Project("{9A19103F-16F7-4668-BE54-9A1E7A4F7556}") = "Services", "Services\Services.csproj", "{7B934FE8-4ABC-496B-B3FB-F6D750A94417}"
EndProject
Project("{9A19103F-16F7-4668-BE54-9A1E7A4F7556}") = "DBProject", "DBProject\DBProject.csproj", "{DD6E787A-B709-44E5-A31A-8491C9F3615A}"
EndProject
Project("{FAE04EC0-301F-11D3-BF4B-00C04F79EFBC}") = "BusinessLayer", "BusinessLayer\BusinessLayer.csproj", "{2FAC8AAF-EF8E-4B8E-8592-37A2F96B2C6F}"
EndProject
Global
	GlobalSection(SolutionConfigurationPlatforms) = preSolution
		Debug|Any CPU = Debug|Any CPU
		Release|Any CPU = Release|Any CPU
	EndGlobalSection
	GlobalSection(ProjectConfigurationPlatforms) = postSolution
		{CEB7C03D-7A55-4800-BB17-EEA765425738}.Debug|Any CPU.ActiveCfg = Debug|Any CPU
		{CEB7C03D-7A55-4800-BB17-EEA765425738}.Debug|Any CPU.Build.0 = Debug|Any CPU
		{CEB7C03D-7A55-4800-BB17-EEA765425738}.Release|Any CPU.ActiveCfg = Release|Any CPU
		{CEB7C03D-7A55-4800-BB17-EEA765425738}.Release|Any CPU.Build.0 = Release|Any CPU
		{7B934FE8-4ABC-496B-B3FB-F6D750A94417}.Debug|Any CPU.ActiveCfg = Debug|Any CPU
		{7B934FE8-4ABC-496B-B3FB-F6D750A94417}.Debug|Any CPU.Build.0 = Debug|Any CPU
		{7B934FE8-4ABC-496B-B3FB-F6D750A94417}.Release|Any CPU.ActiveCfg = Release|Any CPU
		{7B934FE8-4ABC-496B-B3FB-F6D750A94417}.Release|Any CPU.Build.0 = Release|Any CPU
		{DD6E787A-B709-44E5-A31A-8491C9F3615A}.Debug|Any CPU.ActiveCfg = Debug|Any CPU
		{DD6E787A-B709-44E5-A31A-8491C9F3615A}.Debug|Any CPU.Build.0 = Debug|Any CPU
		{DD6E787A-B709-44E5-A31A-8491C9F3615A}.Release|Any CPU.ActiveCfg = Release|Any CPU
		{DD6E787A-B709-44E5-A31A-8491C9F3615A}.Release|Any CPU.Build.0 = Release|Any CPU
		{2FAC8AAF-EF8E-4B8E-8592-37A2F96B2C6F}.Debug|Any CPU.ActiveCfg = Debug|Any CPU
		{2FAC8AAF-EF8E-4B8E-8592-37A2F96B2C6F}.Debug|Any CPU.Build.0 = Debug|Any CPU
		{2FAC8AAF-EF8E-4B8E-8592-37A2F96B2C6F}.Release|Any CPU.ActiveCfg = Release|Any CPU
		{2FAC8AAF-EF8E-4B8E-8592-37A2F96B2C6F}.Release|Any CPU.Build.0 = Release|Any CPU
	EndGlobalSection
	GlobalSection(SolutionProperties) = preSolution
		HideSolutionNode = FALSE
	EndGlobalSection
	GlobalSection(ExtensibilityGlobals) = postSolution
		SolutionGuid = {D081930B-153C-4961-98F0-864FDE88179A}
	EndGlobalSection
EndGlobal
